<?xml version="1.0" encoding="utf-8"?>
<Project ToolsVersion="4.0" xmlns="http://schemas.microsoft.com/developer/msbuild/2003">
  <ItemGroup>
    <Filter Include="Header Files">
      <UniqueIdentifier>{93995380-89BD-4b04-88EB-625FBE52EBFB}</UniqueIdentifier>
      <Extensions>h;hh;hpp;hxx;hm;inl;inc;xsd</Extensions>
    </Filter>
    <Filter Include="Resource Files">
      <UniqueIdentifier>{67DA6AB6-F800-4c08-8B7A-83BB121AAD01}</UniqueIdentifier>
      <Extensions>rc;ico;cur;bmp;dlg;rc2;rct;bin;rgs;gif;jpg;jpeg;jpe;resx;tiff;tif;png;wav;mfcribbon-ms</Extensions>
    </Filter>
    <Filter Include="Header Files\Agents">
      <UniqueIdentifier>{31d8c466-e98a-4109-ae6b-c38caaebda35}</UniqueIdentifier>
    </Filter>
    <Filter Include="Header Files\Agents\Enemies">
      <UniqueIdentifier>{32856d1b-28e6-4597-b735-4a221b09cc0b}</UniqueIdentifier>
    </Filter>
    <Filter Include="Resource Files\Source Files">
      <UniqueIdentifier>{4FC737F1-C7A5-4376-A066-2A32D752A2FF}</UniqueIdentifier>
      <Extensions>cpp;c;cc;cxx;def;odl;idl;hpj;bat;asm;asmx</Extensions>
    </Filter>
    <Filter Include="Resource Files\Source Files\Agents">
      <UniqueIdentifier>{930fe6e6-87f6-49e1-b193-8dc0fe102f94}</UniqueIdentifier>
    </Filter>
    <Filter Include="Resource Files\Source Files\Agents\Enemies">
      <UniqueIdentifier>{1885c4a5-09d0-4697-a1a4-f2af0419c5a7}</UniqueIdentifier>
    </Filter>
  </ItemGroup>
  <ItemGroup>
    <ClCompile Include="main.cpp">
      <Filter>Resource Files\Source Files</Filter>
    </ClCompile>
    <ClCompile Include="MainGame.cpp">
      <Filter>Resource Files\Source Files</Filter>
    </ClCompile>
    <ClCompile Include="StagingManager.cpp">
      <Filter>Resource Files\Source Files</Filter>
    </ClCompile>
    <ClCompile Include="GameLogic.cpp">
      <Filter>Resource Files\Source Files</Filter>
    </ClCompile>
    <ClCompile Include="SpawnManager.cpp">
      <Filter>Resource Files\Source Files</Filter>
    </ClCompile>
    <ClCompile Include="Sword.cpp">
      <Filter>Resource Files\Source Files</Filter>
    </ClCompile>
    <ClCompile Include="Agent.cpp">
      <Filter>Resource Files\Source Files\Agents</Filter>
    </ClCompile>
    <ClCompile Include="Player.cpp">
      <Filter>Resource Files\Source Files\Agents</Filter>
    </ClCompile>
    <ClCompile Include="EnemySuper.cpp">
      <Filter>Resource Files\Source Files\Agents\Enemies</Filter>
    </ClCompile>
    <ClCompile Include="Goople.cpp">
      <Filter>Resource Files\Source Files\Agents\Enemies</Filter>
    </ClCompile>
    <ClCompile Include="Sword.cpp">
      <Filter>Source Files</Filter>
    </ClCompile>
    <ClCompile Include="Awards.cpp">
      <Filter>Resource Files\Source Files</Filter>
    </ClCompile>
    <ClCompile Include="Stickie.cpp">
      <Filter>Resource Files\Source Files\Agents\Enemies</Filter>
    </ClCompile>
  </ItemGroup>
  <ItemGroup>
    <ClInclude Include="MainGame.h">
      <Filter>Header Files</Filter>
    </ClInclude>
    <ClInclude Include="StagingManager.h">
      <Filter>Header Files</Filter>
    </ClInclude>
    <ClInclude Include="GameState.h">
      <Filter>Header Files</Filter>
    </ClInclude>
    <ClInclude Include="GameLogic.h">
      <Filter>Header Files</Filter>
    </ClInclude>
    <ClInclude Include="SpawnManager.h">
      <Filter>Header Files</Filter>
    </ClInclude>
    <ClInclude Include="Sword.h">
      <Filter>Header Files</Filter>
    </ClInclude>
    <ClInclude Include="Agent.h">
      <Filter>Header Files\Agents</Filter>
    </ClInclude>
    <ClInclude Include="Player.h">
      <Filter>Header Files\Agents</Filter>
    </ClInclude>
    <ClInclude Include="EnemySuper.h">
      <Filter>Header Files\Agents\Enemies</Filter>
    </ClInclude>
    <ClInclude Include="Goople.h">
      <Filter>Header Files\Agents\Enemies</Filter>
    </ClInclude>
    <ClInclude Include="Sword.h">
      <Filter>Header Files</Filter>
    </ClInclude>
    <ClInclude Include="Awards.h">
      <Filter>Header Files</Filter>
    </ClInclude>
    <ClInclude Include="Stickie.h">
      <Filter>Header Files\Agents\Enemies</Filter>
    </ClInclude>
  </ItemGroup>
</Project>